
Microsoft Visual Studio Solution File, Format Version 12.00
# Visual Studio Version 17
VisualStudioVersion = 17.9.34723.18
MinimumVisualStudioVersion = 10.0.40219.1
Project("{2150E333-8FDC-42A3-9474-1A3956D46DE8}") = "SP 02", "SP 02", "{D6738E24-7765-4BE2-89CF-3BD0890F1ED8}"
	ProjectSection(SolutionItems) = preProject
		NP 03. UDP Client language Python.py = NP 03. UDP Client language Python.py
	EndProjectSection
EndProject
Project("{9A19103F-16F7-4668-BE54-9A1E7A4F7556}") = "NP 02. UDP client", "NP 02. UDP client\NP 02. UDP client.csproj", "{D29C62BA-7657-4563-9166-1BBFAD235574}"
EndProject
Project("{9A19103F-16F7-4668-BE54-9A1E7A4F7556}") = "NP 02. UDP listener", "NP 02. UDP listener\NP 02. UDP listener.csproj", "{A858A548-5060-46AB-90D3-07DFC36D09AF}"
EndProject
Project("{9A19103F-16F7-4668-BE54-9A1E7A4F7556}") = "NP 02. TcpClient", "NP 02. TcpClient\NP 02. TcpClient.csproj", "{7D21E936-EEF3-4F0D-8E5E-030DCCE0CB96}"
EndProject
Project("{9A19103F-16F7-4668-BE54-9A1E7A4F7556}") = "NP 02. TcpListener", "NP 02. TcpListener\NP 02. TcpListener.csproj", "{738CB1B2-4218-40B4-B841-7BE413995AF4}"
EndProject
Project("{8BC9CEB8-8B4A-11D0-8D11-00A0C91BC942}") = "NP 02. UDP cilent language C", "NP 02. UDP cilent language C\NP 02. UDP cilent language C.vcxproj", "{7207AC5B-B8AE-443C-B511-EBCA3532DD48}"
EndProject
Project("{2150E333-8FDC-42A3-9474-1A3956D46DE8}") = "SP 01", "SP 01", "{94CE2902-5700-4FCA-A4DC-03B2C51F9708}"
EndProject
Project("{9A19103F-16F7-4668-BE54-9A1E7A4F7556}") = "NP 01. Socket_Client", "NP 01. Socket_Client\NP 01. Socket_Client.csproj", "{59F72FF5-8F7F-4AEE-9518-EB80547AF15F}"
EndProject
Project("{9A19103F-16F7-4668-BE54-9A1E7A4F7556}") = "NP 01. Socket_Server", "NP 01. Socket_Server\NP 01. Socket_Server.csproj", "{5FFA82A9-C450-42A5-BF11-3B7B6B3556D5}"
EndProject
Project("{2150E333-8FDC-42A3-9474-1A3956D46DE8}") = "SP 03", "SP 03", "{2EA172BA-3E3F-4E5A-A74E-B01587E11F54}"
EndProject
Project("{9A19103F-16F7-4668-BE54-9A1E7A4F7556}") = "NP 03. UdpClient", "NP 03. UdpClient\NP 03. UdpClient.csproj", "{34070975-DA93-4AB6-8F77-16175AF5FC73}"
EndProject
Project("{9A19103F-16F7-4668-BE54-9A1E7A4F7556}") = "NP 03. Udp listener", "NP 03. Udp listener\NP 03. Udp listener.csproj", "{E798F40E-46FC-4001-9DE9-5229E5F02939}"
EndProject
Project("{9A19103F-16F7-4668-BE54-9A1E7A4F7556}") = "NP 03. TCP_Task_Manger_Listener", "NP 03. TCP_Task_Manger_Listener\NP 03. TCP_Task_Manger_Listener.csproj", "{5EDCC74E-E482-4781-9B4F-59FA1AEAB2F5}"
EndProject
Project("{9A19103F-16F7-4668-BE54-9A1E7A4F7556}") = "NP 03. TCP_Task_Manger_Client", "NP 03. TCP_Task_Manger_Client\NP 03. TCP_Task_Manger_Client.csproj", "{16D055D8-A1E9-4E73-A97C-1D39B5575B74}"
EndProject
Project("{2150E333-8FDC-42A3-9474-1A3956D46DE8}") = "SP 04", "SP 04", "{29B5EA51-7D25-4A2E-97C3-0C8E5126EB73}"
EndProject
Project("{FAE04EC0-301F-11D3-BF4B-00C04F79EFBC}") = "NP 04. Broadcast client", "NP 04. Broadcast client\NP 04. Broadcast client.csproj", "{5BC33033-2AE0-4435-80F1-ECB60EBE64C7}"
EndProject
Project("{FAE04EC0-301F-11D3-BF4B-00C04F79EFBC}") = "NP 04. Broadcast listener", "NP 04. Broadcast listener\NP 04. Broadcast listener.csproj", "{7F2532AC-5D04-4507-8FD5-82B63F1FD104}"
EndProject
Project("{FAE04EC0-301F-11D3-BF4B-00C04F79EFBC}") = "NP 04. Multicast group client", "NP 04. Multicast group client\NP 04. Multicast group client.csproj", "{A799FF57-D75A-44A8-8F20-BCD100CB9E38}"
EndProject
Project("{FAE04EC0-301F-11D3-BF4B-00C04F79EFBC}") = "NP 04. Multicast group listener", "NP 04. Multicast group listener\NP 04. Multicast group listener.csproj", "{2F8179E7-EED0-4D1C-81AE-74A1F8545071}"
EndProject
Global
	GlobalSection(SolutionConfigurationPlatforms) = preSolution
		Debug|Any CPU = Debug|Any CPU
		Debug|x64 = Debug|x64
		Debug|x86 = Debug|x86
		Release|Any CPU = Release|Any CPU
		Release|x64 = Release|x64
		Release|x86 = Release|x86
	EndGlobalSection
	GlobalSection(ProjectConfigurationPlatforms) = postSolution
		{D29C62BA-7657-4563-9166-1BBFAD235574}.Debug|Any CPU.ActiveCfg = Debug|Any CPU
		{D29C62BA-7657-4563-9166-1BBFAD235574}.Debug|Any CPU.Build.0 = Debug|Any CPU
		{D29C62BA-7657-4563-9166-1BBFAD235574}.Debug|x64.ActiveCfg = Debug|Any CPU
		{D29C62BA-7657-4563-9166-1BBFAD235574}.Debug|x64.Build.0 = Debug|Any CPU
		{D29C62BA-7657-4563-9166-1BBFAD235574}.Debug|x86.ActiveCfg = Debug|Any CPU
		{D29C62BA-7657-4563-9166-1BBFAD235574}.Debug|x86.Build.0 = Debug|Any CPU
		{D29C62BA-7657-4563-9166-1BBFAD235574}.Release|Any CPU.ActiveCfg = Release|Any CPU
		{D29C62BA-7657-4563-9166-1BBFAD235574}.Release|Any CPU.Build.0 = Release|Any CPU
		{D29C62BA-7657-4563-9166-1BBFAD235574}.Release|x64.ActiveCfg = Release|Any CPU
		{D29C62BA-7657-4563-9166-1BBFAD235574}.Release|x64.Build.0 = Release|Any CPU
		{D29C62BA-7657-4563-9166-1BBFAD235574}.Release|x86.ActiveCfg = Release|Any CPU
		{D29C62BA-7657-4563-9166-1BBFAD235574}.Release|x86.Build.0 = Release|Any CPU
		{A858A548-5060-46AB-90D3-07DFC36D09AF}.Debug|Any CPU.ActiveCfg = Debug|Any CPU
		{A858A548-5060-46AB-90D3-07DFC36D09AF}.Debug|Any CPU.Build.0 = Debug|Any CPU
		{A858A548-5060-46AB-90D3-07DFC36D09AF}.Debug|x64.ActiveCfg = Debug|Any CPU
		{A858A548-5060-46AB-90D3-07DFC36D09AF}.Debug|x64.Build.0 = Debug|Any CPU
		{A858A548-5060-46AB-90D3-07DFC36D09AF}.Debug|x86.ActiveCfg = Debug|Any CPU
		{A858A548-5060-46AB-90D3-07DFC36D09AF}.Debug|x86.Build.0 = Debug|Any CPU
		{A858A548-5060-46AB-90D3-07DFC36D09AF}.Release|Any CPU.ActiveCfg = Release|Any CPU
		{A858A548-5060-46AB-90D3-07DFC36D09AF}.Release|Any CPU.Build.0 = Release|Any CPU
		{A858A548-5060-46AB-90D3-07DFC36D09AF}.Release|x64.ActiveCfg = Release|Any CPU
		{A858A548-5060-46AB-90D3-07DFC36D09AF}.Release|x64.Build.0 = Release|Any CPU
		{A858A548-5060-46AB-90D3-07DFC36D09AF}.Release|x86.ActiveCfg = Release|Any CPU
		{A858A548-5060-46AB-90D3-07DFC36D09AF}.Release|x86.Build.0 = Release|Any CPU
		{7D21E936-EEF3-4F0D-8E5E-030DCCE0CB96}.Debug|Any CPU.ActiveCfg = Debug|Any CPU
		{7D21E936-EEF3-4F0D-8E5E-030DCCE0CB96}.Debug|Any CPU.Build.0 = Debug|Any CPU
		{7D21E936-EEF3-4F0D-8E5E-030DCCE0CB96}.Debug|x64.ActiveCfg = Debug|Any CPU
		{7D21E936-EEF3-4F0D-8E5E-030DCCE0CB96}.Debug|x64.Build.0 = Debug|Any CPU
		{7D21E936-EEF3-4F0D-8E5E-030DCCE0CB96}.Debug|x86.ActiveCfg = Debug|Any CPU
		{7D21E936-EEF3-4F0D-8E5E-030DCCE0CB96}.Debug|x86.Build.0 = Debug|Any CPU
		{7D21E936-EEF3-4F0D-8E5E-030DCCE0CB96}.Release|Any CPU.ActiveCfg = Release|Any CPU
		{7D21E936-EEF3-4F0D-8E5E-030DCCE0CB96}.Release|Any CPU.Build.0 = Release|Any CPU
		{7D21E936-EEF3-4F0D-8E5E-030DCCE0CB96}.Release|x64.ActiveCfg = Release|Any CPU
		{7D21E936-EEF3-4F0D-8E5E-030DCCE0CB96}.Release|x64.Build.0 = Release|Any CPU
		{7D21E936-EEF3-4F0D-8E5E-030DCCE0CB96}.Release|x86.ActiveCfg = Release|Any CPU
		{7D21E936-EEF3-4F0D-8E5E-030DCCE0CB96}.Release|x86.Build.0 = Release|Any CPU
		{738CB1B2-4218-40B4-B841-7BE413995AF4}.Debug|Any CPU.ActiveCfg = Debug|Any CPU
		{738CB1B2-4218-40B4-B841-7BE413995AF4}.Debug|Any CPU.Build.0 = Debug|Any CPU
		{738CB1B2-4218-40B4-B841-7BE413995AF4}.Debug|x64.ActiveCfg = Debug|Any CPU
		{738CB1B2-4218-40B4-B841-7BE413995AF4}.Debug|x64.Build.0 = Debug|Any CPU
		{738CB1B2-4218-40B4-B841-7BE413995AF4}.Debug|x86.ActiveCfg = Debug|Any CPU
		{738CB1B2-4218-40B4-B841-7BE413995AF4}.Debug|x86.Build.0 = Debug|Any CPU
		{738CB1B2-4218-40B4-B841-7BE413995AF4}.Release|Any CPU.ActiveCfg = Release|Any CPU
		{738CB1B2-4218-40B4-B841-7BE413995AF4}.Release|Any CPU.Build.0 = Release|Any CPU
		{738CB1B2-4218-40B4-B841-7BE413995AF4}.Release|x64.ActiveCfg = Release|Any CPU
		{738CB1B2-4218-40B4-B841-7BE413995AF4}.Release|x64.Build.0 = Release|Any CPU
		{738CB1B2-4218-40B4-B841-7BE413995AF4}.Release|x86.ActiveCfg = Release|Any CPU
		{738CB1B2-4218-40B4-B841-7BE413995AF4}.Release|x86.Build.0 = Release|Any CPU
		{7207AC5B-B8AE-443C-B511-EBCA3532DD48}.Debug|Any CPU.ActiveCfg = Debug|x64
		{7207AC5B-B8AE-443C-B511-EBCA3532DD48}.Debug|Any CPU.Build.0 = Debug|x64
		{7207AC5B-B8AE-443C-B511-EBCA3532DD48}.Debug|x64.ActiveCfg = Debug|x64
		{7207AC5B-B8AE-443C-B511-EBCA3532DD48}.Debug|x64.Build.0 = Debug|x64
		{7207AC5B-B8AE-443C-B511-EBCA3532DD48}.Debug|x86.ActiveCfg = Debug|Win32
		{7207AC5B-B8AE-443C-B511-EBCA3532DD48}.Debug|x86.Build.0 = Debug|Win32
		{7207AC5B-B8AE-443C-B511-EBCA3532DD48}.Release|Any CPU.ActiveCfg = Release|x64
		{7207AC5B-B8AE-443C-B511-EBCA3532DD48}.Release|Any CPU.Build.0 = Release|x64
		{7207AC5B-B8AE-443C-B511-EBCA3532DD48}.Release|x64.ActiveCfg = Release|x64
		{7207AC5B-B8AE-443C-B511-EBCA3532DD48}.Release|x64.Build.0 = Release|x64
		{7207AC5B-B8AE-443C-B511-EBCA3532DD48}.Release|x86.ActiveCfg = Release|Win32
		{7207AC5B-B8AE-443C-B511-EBCA3532DD48}.Release|x86.Build.0 = Release|Win32
		{59F72FF5-8F7F-4AEE-9518-EB80547AF15F}.Debug|Any CPU.ActiveCfg = Debug|Any CPU
		{59F72FF5-8F7F-4AEE-9518-EB80547AF15F}.Debug|Any CPU.Build.0 = Debug|Any CPU
		{59F72FF5-8F7F-4AEE-9518-EB80547AF15F}.Debug|x64.ActiveCfg = Debug|Any CPU
		{59F72FF5-8F7F-4AEE-9518-EB80547AF15F}.Debug|x64.Build.0 = Debug|Any CPU
		{59F72FF5-8F7F-4AEE-9518-EB80547AF15F}.Debug|x86.ActiveCfg = Debug|Any CPU
		{59F72FF5-8F7F-4AEE-9518-EB80547AF15F}.Debug|x86.Build.0 = Debug|Any CPU
		{59F72FF5-8F7F-4AEE-9518-EB80547AF15F}.Release|Any CPU.ActiveCfg = Release|Any CPU
		{59F72FF5-8F7F-4AEE-9518-EB80547AF15F}.Release|Any CPU.Build.0 = Release|Any CPU
		{59F72FF5-8F7F-4AEE-9518-EB80547AF15F}.Release|x64.ActiveCfg = Release|Any CPU
		{59F72FF5-8F7F-4AEE-9518-EB80547AF15F}.Release|x64.Build.0 = Release|Any CPU
		{59F72FF5-8F7F-4AEE-9518-EB80547AF15F}.Release|x86.ActiveCfg = Release|Any CPU
		{59F72FF5-8F7F-4AEE-9518-EB80547AF15F}.Release|x86.Build.0 = Release|Any CPU
		{5FFA82A9-C450-42A5-BF11-3B7B6B3556D5}.Debug|Any CPU.ActiveCfg = Debug|Any CPU
		{5FFA82A9-C450-42A5-BF11-3B7B6B3556D5}.Debug|Any CPU.Build.0 = Debug|Any CPU
		{5FFA82A9-C450-42A5-BF11-3B7B6B3556D5}.Debug|x64.ActiveCfg = Debug|Any CPU
		{5FFA82A9-C450-42A5-BF11-3B7B6B3556D5}.Debug|x64.Build.0 = Debug|Any CPU
		{5FFA82A9-C450-42A5-BF11-3B7B6B3556D5}.Debug|x86.ActiveCfg = Debug|Any CPU
		{5FFA82A9-C450-42A5-BF11-3B7B6B3556D5}.Debug|x86.Build.0 = Debug|Any CPU
		{5FFA82A9-C450-42A5-BF11-3B7B6B3556D5}.Release|Any CPU.ActiveCfg = Release|Any CPU
		{5FFA82A9-C450-42A5-BF11-3B7B6B3556D5}.Release|Any CPU.Build.0 = Release|Any CPU
		{5FFA82A9-C450-42A5-BF11-3B7B6B3556D5}.Release|x64.ActiveCfg = Release|Any CPU
		{5FFA82A9-C450-42A5-BF11-3B7B6B3556D5}.Release|x64.Build.0 = Release|Any CPU
		{5FFA82A9-C450-42A5-BF11-3B7B6B3556D5}.Release|x86.ActiveCfg = Release|Any CPU
		{5FFA82A9-C450-42A5-BF11-3B7B6B3556D5}.Release|x86.Build.0 = Release|Any CPU
		{34070975-DA93-4AB6-8F77-16175AF5FC73}.Debug|Any CPU.ActiveCfg = Debug|Any CPU
		{34070975-DA93-4AB6-8F77-16175AF5FC73}.Debug|Any CPU.Build.0 = Debug|Any CPU
		{34070975-DA93-4AB6-8F77-16175AF5FC73}.Debug|x64.ActiveCfg = Debug|Any CPU
		{34070975-DA93-4AB6-8F77-16175AF5FC73}.Debug|x64.Build.0 = Debug|Any CPU
		{34070975-DA93-4AB6-8F77-16175AF5FC73}.Debug|x86.ActiveCfg = Debug|Any CPU
		{34070975-DA93-4AB6-8F77-16175AF5FC73}.Debug|x86.Build.0 = Debug|Any CPU
		{34070975-DA93-4AB6-8F77-16175AF5FC73}.Release|Any CPU.ActiveCfg = Release|Any CPU
		{34070975-DA93-4AB6-8F77-16175AF5FC73}.Release|Any CPU.Build.0 = Release|Any CPU
		{34070975-DA93-4AB6-8F77-16175AF5FC73}.Release|x64.ActiveCfg = Release|Any CPU
		{34070975-DA93-4AB6-8F77-16175AF5FC73}.Release|x64.Build.0 = Release|Any CPU
		{34070975-DA93-4AB6-8F77-16175AF5FC73}.Release|x86.ActiveCfg = Release|Any CPU
		{34070975-DA93-4AB6-8F77-16175AF5FC73}.Release|x86.Build.0 = Release|Any CPU
		{E798F40E-46FC-4001-9DE9-5229E5F02939}.Debug|Any CPU.ActiveCfg = Debug|Any CPU
		{E798F40E-46FC-4001-9DE9-5229E5F02939}.Debug|Any CPU.Build.0 = Debug|Any CPU
		{E798F40E-46FC-4001-9DE9-5229E5F02939}.Debug|x64.ActiveCfg = Debug|Any CPU
		{E798F40E-46FC-4001-9DE9-5229E5F02939}.Debug|x64.Build.0 = Debug|Any CPU
		{E798F40E-46FC-4001-9DE9-5229E5F02939}.Debug|x86.ActiveCfg = Debug|Any CPU
		{E798F40E-46FC-4001-9DE9-5229E5F02939}.Debug|x86.Build.0 = Debug|Any CPU
		{E798F40E-46FC-4001-9DE9-5229E5F02939}.Release|Any CPU.ActiveCfg = Release|Any CPU
		{E798F40E-46FC-4001-9DE9-5229E5F02939}.Release|Any CPU.Build.0 = Release|Any CPU
		{E798F40E-46FC-4001-9DE9-5229E5F02939}.Release|x64.ActiveCfg = Release|Any CPU
		{E798F40E-46FC-4001-9DE9-5229E5F02939}.Release|x64.Build.0 = Release|Any CPU
		{E798F40E-46FC-4001-9DE9-5229E5F02939}.Release|x86.ActiveCfg = Release|Any CPU
		{E798F40E-46FC-4001-9DE9-5229E5F02939}.Release|x86.Build.0 = Release|Any CPU
		{5EDCC74E-E482-4781-9B4F-59FA1AEAB2F5}.Debug|Any CPU.ActiveCfg = Debug|Any CPU
		{5EDCC74E-E482-4781-9B4F-59FA1AEAB2F5}.Debug|Any CPU.Build.0 = Debug|Any CPU
		{5EDCC74E-E482-4781-9B4F-59FA1AEAB2F5}.Debug|x64.ActiveCfg = Debug|Any CPU
		{5EDCC74E-E482-4781-9B4F-59FA1AEAB2F5}.Debug|x64.Build.0 = Debug|Any CPU
		{5EDCC74E-E482-4781-9B4F-59FA1AEAB2F5}.Debug|x86.ActiveCfg = Debug|Any CPU
		{5EDCC74E-E482-4781-9B4F-59FA1AEAB2F5}.Debug|x86.Build.0 = Debug|Any CPU
		{5EDCC74E-E482-4781-9B4F-59FA1AEAB2F5}.Release|Any CPU.ActiveCfg = Release|Any CPU
		{5EDCC74E-E482-4781-9B4F-59FA1AEAB2F5}.Release|Any CPU.Build.0 = Release|Any CPU
		{5EDCC74E-E482-4781-9B4F-59FA1AEAB2F5}.Release|x64.ActiveCfg = Release|Any CPU
		{5EDCC74E-E482-4781-9B4F-59FA1AEAB2F5}.Release|x64.Build.0 = Release|Any CPU
		{5EDCC74E-E482-4781-9B4F-59FA1AEAB2F5}.Release|x86.ActiveCfg = Release|Any CPU
		{5EDCC74E-E482-4781-9B4F-59FA1AEAB2F5}.Release|x86.Build.0 = Release|Any CPU
		{16D055D8-A1E9-4E73-A97C-1D39B5575B74}.Debug|Any CPU.ActiveCfg = Debug|Any CPU
		{16D055D8-A1E9-4E73-A97C-1D39B5575B74}.Debug|Any CPU.Build.0 = Debug|Any CPU
		{16D055D8-A1E9-4E73-A97C-1D39B5575B74}.Debug|x64.ActiveCfg = Debug|Any CPU
		{16D055D8-A1E9-4E73-A97C-1D39B5575B74}.Debug|x64.Build.0 = Debug|Any CPU
		{16D055D8-A1E9-4E73-A97C-1D39B5575B74}.Debug|x86.ActiveCfg = Debug|Any CPU
		{16D055D8-A1E9-4E73-A97C-1D39B5575B74}.Debug|x86.Build.0 = Debug|Any CPU
		{16D055D8-A1E9-4E73-A97C-1D39B5575B74}.Release|Any CPU.ActiveCfg = Release|Any CPU
		{16D055D8-A1E9-4E73-A97C-1D39B5575B74}.Release|Any CPU.Build.0 = Release|Any CPU
		{16D055D8-A1E9-4E73-A97C-1D39B5575B74}.Release|x64.ActiveCfg = Release|Any CPU
		{16D055D8-A1E9-4E73-A97C-1D39B5575B74}.Release|x64.Build.0 = Release|Any CPU
		{16D055D8-A1E9-4E73-A97C-1D39B5575B74}.Release|x86.ActiveCfg = Release|Any CPU
		{16D055D8-A1E9-4E73-A97C-1D39B5575B74}.Release|x86.Build.0 = Release|Any CPU
		{5BC33033-2AE0-4435-80F1-ECB60EBE64C7}.Debug|Any CPU.ActiveCfg = Debug|Any CPU
		{5BC33033-2AE0-4435-80F1-ECB60EBE64C7}.Debug|Any CPU.Build.0 = Debug|Any CPU
		{5BC33033-2AE0-4435-80F1-ECB60EBE64C7}.Debug|x64.ActiveCfg = Debug|Any CPU
		{5BC33033-2AE0-4435-80F1-ECB60EBE64C7}.Debug|x64.Build.0 = Debug|Any CPU
		{5BC33033-2AE0-4435-80F1-ECB60EBE64C7}.Debug|x86.ActiveCfg = Debug|Any CPU
		{5BC33033-2AE0-4435-80F1-ECB60EBE64C7}.Debug|x86.Build.0 = Debug|Any CPU
		{5BC33033-2AE0-4435-80F1-ECB60EBE64C7}.Release|Any CPU.ActiveCfg = Release|Any CPU
		{5BC33033-2AE0-4435-80F1-ECB60EBE64C7}.Release|Any CPU.Build.0 = Release|Any CPU
		{5BC33033-2AE0-4435-80F1-ECB60EBE64C7}.Release|x64.ActiveCfg = Release|Any CPU
		{5BC33033-2AE0-4435-80F1-ECB60EBE64C7}.Release|x64.Build.0 = Release|Any CPU
		{5BC33033-2AE0-4435-80F1-ECB60EBE64C7}.Release|x86.ActiveCfg = Release|Any CPU
		{5BC33033-2AE0-4435-80F1-ECB60EBE64C7}.Release|x86.Build.0 = Release|Any CPU
		{7F2532AC-5D04-4507-8FD5-82B63F1FD104}.Debug|Any CPU.ActiveCfg = Debug|Any CPU
		{7F2532AC-5D04-4507-8FD5-82B63F1FD104}.Debug|Any CPU.Build.0 = Debug|Any CPU
		{7F2532AC-5D04-4507-8FD5-82B63F1FD104}.Debug|x64.ActiveCfg = Debug|Any CPU
		{7F2532AC-5D04-4507-8FD5-82B63F1FD104}.Debug|x64.Build.0 = Debug|Any CPU
		{7F2532AC-5D04-4507-8FD5-82B63F1FD104}.Debug|x86.ActiveCfg = Debug|Any CPU
		{7F2532AC-5D04-4507-8FD5-82B63F1FD104}.Debug|x86.Build.0 = Debug|Any CPU
		{7F2532AC-5D04-4507-8FD5-82B63F1FD104}.Release|Any CPU.ActiveCfg = Release|Any CPU
		{7F2532AC-5D04-4507-8FD5-82B63F1FD104}.Release|Any CPU.Build.0 = Release|Any CPU
		{7F2532AC-5D04-4507-8FD5-82B63F1FD104}.Release|x64.ActiveCfg = Release|Any CPU
		{7F2532AC-5D04-4507-8FD5-82B63F1FD104}.Release|x64.Build.0 = Release|Any CPU
		{7F2532AC-5D04-4507-8FD5-82B63F1FD104}.Release|x86.ActiveCfg = Release|Any CPU
		{7F2532AC-5D04-4507-8FD5-82B63F1FD104}.Release|x86.Build.0 = Release|Any CPU
		{A799FF57-D75A-44A8-8F20-BCD100CB9E38}.Debug|Any CPU.ActiveCfg = Debug|Any CPU
		{A799FF57-D75A-44A8-8F20-BCD100CB9E38}.Debug|Any CPU.Build.0 = Debug|Any CPU
		{A799FF57-D75A-44A8-8F20-BCD100CB9E38}.Debug|x64.ActiveCfg = Debug|Any CPU
		{A799FF57-D75A-44A8-8F20-BCD100CB9E38}.Debug|x64.Build.0 = Debug|Any CPU
		{A799FF57-D75A-44A8-8F20-BCD100CB9E38}.Debug|x86.ActiveCfg = Debug|Any CPU
		{A799FF57-D75A-44A8-8F20-BCD100CB9E38}.Debug|x86.Build.0 = Debug|Any CPU
		{A799FF57-D75A-44A8-8F20-BCD100CB9E38}.Release|Any CPU.ActiveCfg = Release|Any CPU
		{A799FF57-D75A-44A8-8F20-BCD100CB9E38}.Release|Any CPU.Build.0 = Release|Any CPU
		{A799FF57-D75A-44A8-8F20-BCD100CB9E38}.Release|x64.ActiveCfg = Release|Any CPU
		{A799FF57-D75A-44A8-8F20-BCD100CB9E38}.Release|x64.Build.0 = Release|Any CPU
		{A799FF57-D75A-44A8-8F20-BCD100CB9E38}.Release|x86.ActiveCfg = Release|Any CPU
		{A799FF57-D75A-44A8-8F20-BCD100CB9E38}.Release|x86.Build.0 = Release|Any CPU
		{2F8179E7-EED0-4D1C-81AE-74A1F8545071}.Debug|Any CPU.ActiveCfg = Debug|Any CPU
		{2F8179E7-EED0-4D1C-81AE-74A1F8545071}.Debug|Any CPU.Build.0 = Debug|Any CPU
		{2F8179E7-EED0-4D1C-81AE-74A1F8545071}.Debug|x64.ActiveCfg = Debug|Any CPU
		{2F8179E7-EED0-4D1C-81AE-74A1F8545071}.Debug|x64.Build.0 = Debug|Any CPU
		{2F8179E7-EED0-4D1C-81AE-74A1F8545071}.Debug|x86.ActiveCfg = Debug|Any CPU
		{2F8179E7-EED0-4D1C-81AE-74A1F8545071}.Debug|x86.Build.0 = Debug|Any CPU
		{2F8179E7-EED0-4D1C-81AE-74A1F8545071}.Release|Any CPU.ActiveCfg = Release|Any CPU
		{2F8179E7-EED0-4D1C-81AE-74A1F8545071}.Release|Any CPU.Build.0 = Release|Any CPU
		{2F8179E7-EED0-4D1C-81AE-74A1F8545071}.Release|x64.ActiveCfg = Release|Any CPU
		{2F8179E7-EED0-4D1C-81AE-74A1F8545071}.Release|x64.Build.0 = Release|Any CPU
		{2F8179E7-EED0-4D1C-81AE-74A1F8545071}.Release|x86.ActiveCfg = Release|Any CPU
		{2F8179E7-EED0-4D1C-81AE-74A1F8545071}.Release|x86.Build.0 = Release|Any CPU
	EndGlobalSection
	GlobalSection(SolutionProperties) = preSolution
		HideSolutionNode = FALSE
	EndGlobalSection
	GlobalSection(NestedProjects) = preSolution
		{D29C62BA-7657-4563-9166-1BBFAD235574} = {D6738E24-7765-4BE2-89CF-3BD0890F1ED8}
		{A858A548-5060-46AB-90D3-07DFC36D09AF} = {D6738E24-7765-4BE2-89CF-3BD0890F1ED8}
		{7D21E936-EEF3-4F0D-8E5E-030DCCE0CB96} = {D6738E24-7765-4BE2-89CF-3BD0890F1ED8}
		{738CB1B2-4218-40B4-B841-7BE413995AF4} = {D6738E24-7765-4BE2-89CF-3BD0890F1ED8}
		{7207AC5B-B8AE-443C-B511-EBCA3532DD48} = {D6738E24-7765-4BE2-89CF-3BD0890F1ED8}
		{59F72FF5-8F7F-4AEE-9518-EB80547AF15F} = {94CE2902-5700-4FCA-A4DC-03B2C51F9708}
		{5FFA82A9-C450-42A5-BF11-3B7B6B3556D5} = {94CE2902-5700-4FCA-A4DC-03B2C51F9708}
		{34070975-DA93-4AB6-8F77-16175AF5FC73} = {2EA172BA-3E3F-4E5A-A74E-B01587E11F54}
		{E798F40E-46FC-4001-9DE9-5229E5F02939} = {2EA172BA-3E3F-4E5A-A74E-B01587E11F54}
		{5EDCC74E-E482-4781-9B4F-59FA1AEAB2F5} = {2EA172BA-3E3F-4E5A-A74E-B01587E11F54}
		{16D055D8-A1E9-4E73-A97C-1D39B5575B74} = {2EA172BA-3E3F-4E5A-A74E-B01587E11F54}
		{5BC33033-2AE0-4435-80F1-ECB60EBE64C7} = {29B5EA51-7D25-4A2E-97C3-0C8E5126EB73}
		{7F2532AC-5D04-4507-8FD5-82B63F1FD104} = {29B5EA51-7D25-4A2E-97C3-0C8E5126EB73}
		{A799FF57-D75A-44A8-8F20-BCD100CB9E38} = {29B5EA51-7D25-4A2E-97C3-0C8E5126EB73}
		{2F8179E7-EED0-4D1C-81AE-74A1F8545071} = {29B5EA51-7D25-4A2E-97C3-0C8E5126EB73}
	EndGlobalSection
	GlobalSection(ExtensibilityGlobals) = postSolution
		SolutionGuid = {6E0F40AB-9582-4E48-A0F8-9AF852CD1255}
	EndGlobalSection
EndGlobal
