
Microsoft Visual Studio Solution File, Format Version 12.00
# Visual Studio Version 17
VisualStudioVersion = 17.9.34723.18
MinimumVisualStudioVersion = 10.0.40219.1
Project("{2150E333-8FDC-42A3-9474-1A3956D46DE8}") = "SP 02", "SP 02", "{D6738E24-7765-4BE2-89CF-3BD0890F1ED8}"
	ProjectSection(SolutionItems) = preProject
		NP 03. UDP Client language Python.py = NP 03. UDP Client language Python.py
	EndProjectSection
EndProject
Project("{9A19103F-16F7-4668-BE54-9A1E7A4F7556}") = "NP 02. UDP client", "NP 02. UDP client\NP 02. UDP client.csproj", "{D29C62BA-7657-4563-9166-1BBFAD235574}"
EndProject
Project("{9A19103F-16F7-4668-BE54-9A1E7A4F7556}") = "NP 02. UDP listener", "NP 02. UDP listener\NP 02. UDP listener.csproj", "{A858A548-5060-46AB-90D3-07DFC36D09AF}"
EndProject
Project("{9A19103F-16F7-4668-BE54-9A1E7A4F7556}") = "NP 02. TcpClient", "NP 02. TcpClient\NP 02. TcpClient.csproj", "{7D21E936-EEF3-4F0D-8E5E-030DCCE0CB96}"
EndProject
Project("{9A19103F-16F7-4668-BE54-9A1E7A4F7556}") = "NP 02. TcpListener", "NP 02. TcpListener\NP 02. TcpListener.csproj", "{738CB1B2-4218-40B4-B841-7BE413995AF4}"
EndProject
Project("{8BC9CEB8-8B4A-11D0-8D11-00A0C91BC942}") = "NP 02. UDP cilent language C", "NP 02. UDP cilent language C\NP 02. UDP cilent language C.vcxproj", "{7207AC5B-B8AE-443C-B511-EBCA3532DD48}"
EndProject
Global
	GlobalSection(SolutionConfigurationPlatforms) = preSolution
		Debug|Any CPU = Debug|Any CPU
		Debug|x64 = Debug|x64
		Debug|x86 = Debug|x86
		Release|Any CPU = Release|Any CPU
		Release|x64 = Release|x64
		Release|x86 = Release|x86
	EndGlobalSection
	GlobalSection(ProjectConfigurationPlatforms) = postSolution
		{D29C62BA-7657-4563-9166-1BBFAD235574}.Debug|Any CPU.ActiveCfg = Debug|Any CPU
		{D29C62BA-7657-4563-9166-1BBFAD235574}.Debug|Any CPU.Build.0 = Debug|Any CPU
		{D29C62BA-7657-4563-9166-1BBFAD235574}.Debug|x64.ActiveCfg = Debug|Any CPU
		{D29C62BA-7657-4563-9166-1BBFAD235574}.Debug|x64.Build.0 = Debug|Any CPU
		{D29C62BA-7657-4563-9166-1BBFAD235574}.Debug|x86.ActiveCfg = Debug|Any CPU
		{D29C62BA-7657-4563-9166-1BBFAD235574}.Debug|x86.Build.0 = Debug|Any CPU
		{D29C62BA-7657-4563-9166-1BBFAD235574}.Release|Any CPU.ActiveCfg = Release|Any CPU
		{D29C62BA-7657-4563-9166-1BBFAD235574}.Release|Any CPU.Build.0 = Release|Any CPU
		{D29C62BA-7657-4563-9166-1BBFAD235574}.Release|x64.ActiveCfg = Release|Any CPU
		{D29C62BA-7657-4563-9166-1BBFAD235574}.Release|x64.Build.0 = Release|Any CPU
		{D29C62BA-7657-4563-9166-1BBFAD235574}.Release|x86.ActiveCfg = Release|Any CPU
		{D29C62BA-7657-4563-9166-1BBFAD235574}.Release|x86.Build.0 = Release|Any CPU
		{A858A548-5060-46AB-90D3-07DFC36D09AF}.Debug|Any CPU.ActiveCfg = Debug|Any CPU
		{A858A548-5060-46AB-90D3-07DFC36D09AF}.Debug|Any CPU.Build.0 = Debug|Any CPU
		{A858A548-5060-46AB-90D3-07DFC36D09AF}.Debug|x64.ActiveCfg = Debug|Any CPU
		{A858A548-5060-46AB-90D3-07DFC36D09AF}.Debug|x64.Build.0 = Debug|Any CPU
		{A858A548-5060-46AB-90D3-07DFC36D09AF}.Debug|x86.ActiveCfg = Debug|Any CPU
		{A858A548-5060-46AB-90D3-07DFC36D09AF}.Debug|x86.Build.0 = Debug|Any CPU
		{A858A548-5060-46AB-90D3-07DFC36D09AF}.Release|Any CPU.ActiveCfg = Release|Any CPU
		{A858A548-5060-46AB-90D3-07DFC36D09AF}.Release|Any CPU.Build.0 = Release|Any CPU
		{A858A548-5060-46AB-90D3-07DFC36D09AF}.Release|x64.ActiveCfg = Release|Any CPU
		{A858A548-5060-46AB-90D3-07DFC36D09AF}.Release|x64.Build.0 = Release|Any CPU
		{A858A548-5060-46AB-90D3-07DFC36D09AF}.Release|x86.ActiveCfg = Release|Any CPU
		{A858A548-5060-46AB-90D3-07DFC36D09AF}.Release|x86.Build.0 = Release|Any CPU
		{7D21E936-EEF3-4F0D-8E5E-030DCCE0CB96}.Debug|Any CPU.ActiveCfg = Debug|Any CPU
		{7D21E936-EEF3-4F0D-8E5E-030DCCE0CB96}.Debug|Any CPU.Build.0 = Debug|Any CPU
		{7D21E936-EEF3-4F0D-8E5E-030DCCE0CB96}.Debug|x64.ActiveCfg = Debug|Any CPU
		{7D21E936-EEF3-4F0D-8E5E-030DCCE0CB96}.Debug|x64.Build.0 = Debug|Any CPU
		{7D21E936-EEF3-4F0D-8E5E-030DCCE0CB96}.Debug|x86.ActiveCfg = Debug|Any CPU
		{7D21E936-EEF3-4F0D-8E5E-030DCCE0CB96}.Debug|x86.Build.0 = Debug|Any CPU
		{7D21E936-EEF3-4F0D-8E5E-030DCCE0CB96}.Release|Any CPU.ActiveCfg = Release|Any CPU
		{7D21E936-EEF3-4F0D-8E5E-030DCCE0CB96}.Release|Any CPU.Build.0 = Release|Any CPU
		{7D21E936-EEF3-4F0D-8E5E-030DCCE0CB96}.Release|x64.ActiveCfg = Release|Any CPU
		{7D21E936-EEF3-4F0D-8E5E-030DCCE0CB96}.Release|x64.Build.0 = Release|Any CPU
		{7D21E936-EEF3-4F0D-8E5E-030DCCE0CB96}.Release|x86.ActiveCfg = Release|Any CPU
		{7D21E936-EEF3-4F0D-8E5E-030DCCE0CB96}.Release|x86.Build.0 = Release|Any CPU
		{738CB1B2-4218-40B4-B841-7BE413995AF4}.Debug|Any CPU.ActiveCfg = Debug|Any CPU
		{738CB1B2-4218-40B4-B841-7BE413995AF4}.Debug|Any CPU.Build.0 = Debug|Any CPU
		{738CB1B2-4218-40B4-B841-7BE413995AF4}.Debug|x64.ActiveCfg = Debug|Any CPU
		{738CB1B2-4218-40B4-B841-7BE413995AF4}.Debug|x64.Build.0 = Debug|Any CPU
		{738CB1B2-4218-40B4-B841-7BE413995AF4}.Debug|x86.ActiveCfg = Debug|Any CPU
		{738CB1B2-4218-40B4-B841-7BE413995AF4}.Debug|x86.Build.0 = Debug|Any CPU
		{738CB1B2-4218-40B4-B841-7BE413995AF4}.Release|Any CPU.ActiveCfg = Release|Any CPU
		{738CB1B2-4218-40B4-B841-7BE413995AF4}.Release|Any CPU.Build.0 = Release|Any CPU
		{738CB1B2-4218-40B4-B841-7BE413995AF4}.Release|x64.ActiveCfg = Release|Any CPU
		{738CB1B2-4218-40B4-B841-7BE413995AF4}.Release|x64.Build.0 = Release|Any CPU
		{738CB1B2-4218-40B4-B841-7BE413995AF4}.Release|x86.ActiveCfg = Release|Any CPU
		{738CB1B2-4218-40B4-B841-7BE413995AF4}.Release|x86.Build.0 = Release|Any CPU
		{7207AC5B-B8AE-443C-B511-EBCA3532DD48}.Debug|Any CPU.ActiveCfg = Debug|x64
		{7207AC5B-B8AE-443C-B511-EBCA3532DD48}.Debug|Any CPU.Build.0 = Debug|x64
		{7207AC5B-B8AE-443C-B511-EBCA3532DD48}.Debug|x64.ActiveCfg = Debug|x64
		{7207AC5B-B8AE-443C-B511-EBCA3532DD48}.Debug|x64.Build.0 = Debug|x64
		{7207AC5B-B8AE-443C-B511-EBCA3532DD48}.Debug|x86.ActiveCfg = Debug|Win32
		{7207AC5B-B8AE-443C-B511-EBCA3532DD48}.Debug|x86.Build.0 = Debug|Win32
		{7207AC5B-B8AE-443C-B511-EBCA3532DD48}.Release|Any CPU.ActiveCfg = Release|x64
		{7207AC5B-B8AE-443C-B511-EBCA3532DD48}.Release|Any CPU.Build.0 = Release|x64
		{7207AC5B-B8AE-443C-B511-EBCA3532DD48}.Release|x64.ActiveCfg = Release|x64
		{7207AC5B-B8AE-443C-B511-EBCA3532DD48}.Release|x64.Build.0 = Release|x64
		{7207AC5B-B8AE-443C-B511-EBCA3532DD48}.Release|x86.ActiveCfg = Release|Win32
		{7207AC5B-B8AE-443C-B511-EBCA3532DD48}.Release|x86.Build.0 = Release|Win32
	EndGlobalSection
	GlobalSection(SolutionProperties) = preSolution
		HideSolutionNode = FALSE
	EndGlobalSection
	GlobalSection(NestedProjects) = preSolution
		{D29C62BA-7657-4563-9166-1BBFAD235574} = {D6738E24-7765-4BE2-89CF-3BD0890F1ED8}
		{A858A548-5060-46AB-90D3-07DFC36D09AF} = {D6738E24-7765-4BE2-89CF-3BD0890F1ED8}
		{7D21E936-EEF3-4F0D-8E5E-030DCCE0CB96} = {D6738E24-7765-4BE2-89CF-3BD0890F1ED8}
		{738CB1B2-4218-40B4-B841-7BE413995AF4} = {D6738E24-7765-4BE2-89CF-3BD0890F1ED8}
		{7207AC5B-B8AE-443C-B511-EBCA3532DD48} = {D6738E24-7765-4BE2-89CF-3BD0890F1ED8}
	EndGlobalSection
	GlobalSection(ExtensibilityGlobals) = postSolution
		SolutionGuid = {6E0F40AB-9582-4E48-A0F8-9AF852CD1255}
	EndGlobalSection
EndGlobal
